
Microsoft Visual Studio Solution File, Format Version 12.00
# Visual Studio Version 16
VisualStudioVersion = 16.0.32126.315
MinimumVisualStudioVersion = 10.0.40219.1
Project("{F184B08F-C81C-45F6-A57F-5ABD9991F28F}") = "201612436_SILLONES", "201612436_SILLONES.vbproj", "{B265A7AF-4966-494E-BEF7-334E8A438E9D}"
EndProject
Global
	GlobalSection(SolutionConfigurationPlatforms) = preSolution
		Debug|Any CPU = Debug|Any CPU
		Release|Any CPU = Release|Any CPU
	EndGlobalSection
	GlobalSection(ProjectConfigurationPlatforms) = postSolution
		{B265A7AF-4966-494E-BEF7-334E8A438E9D}.Debug|Any CPU.ActiveCfg = Debug|Any CPU
		{B265A7AF-4966-494E-BEF7-334E8A438E9D}.Debug|Any CPU.Build.0 = Debug|Any CPU
		{B265A7AF-4966-494E-BEF7-334E8A438E9D}.Release|Any CPU.ActiveCfg = Release|Any CPU
		{B265A7AF-4966-494E-BEF7-334E8A438E9D}.Release|Any CPU.Build.0 = Release|Any CPU
	EndGlobalSection
	GlobalSection(SolutionProperties) = preSolution
		HideSolutionNode = FALSE
	EndGlobalSection
	GlobalSection(ExtensibilityGlobals) = postSolution
		SolutionGuid = {6E66CA64-A492-472F-B218-B914BF5F703B}
	EndGlobalSection
EndGlobal
